{"1.2.0",
[{<<"any">>,{pkg,<<"any">>,<<"0.3.2">>},1},
 {<<"gproc">>,{pkg,<<"gproc">>,<<"0.9.1">>},0},
 {<<"jiffy">>,{pkg,<<"jiffy">>,<<"1.1.2">>},0},
 {<<"msgpack">>,{pkg,<<"msgpack">>,<<"0.8.1">>},0},
 {<<"quicer">>,
  {git,"https://github.com/emqx/quic.git",
       {ref,"e17f11fb2521cbd83226f9cf6eea90bb2f102f90"}},
  0},
 {<<"snabbkaffe">>,{pkg,<<"snabbkaffe">>,<<"1.0.10">>},1}]}.
[
{pkg_hash,[
 {<<"any">>, <<"D13C2C0CFE1411DDB0C08113A25C7284545C44D6C759226815DE47100F65FECC">>},
 {<<"gproc">>, <<"F1DF0364423539CF0B80E8201C8B1839E229E5F9B3CCB944C5834626998F5B8C">>},
 {<<"jiffy">>, <<"A9B6C9A7EC268E7CF493D028F0A4C9144F59CCB878B1AFE42841597800840A1B">>},
 {<<"msgpack">>, <<"DEB35C13291EAFE56AD9870374C2EAA92323DC5503D50432EBCAF47052E6D343">>},
 {<<"snabbkaffe">>, <<"9BE2F54F61FC6862391B666B2B5B76C3FA53598E2989A17CEF1B48CF347A8A63">>}]},
{pkg_hash_ext,[
 {<<"any">>, <<"B129E16DAE98BD981F9BCDE1DD262C61E2958A2A75D231F94EC2FC90ACAB37F9">>},
 {<<"gproc">>, <<"905088E32E72127ED9466F0BAC0D8E65704CA5E73EE5A62CB073C3117916D507">>},
 {<<"jiffy">>, <<"BB61BC42A720BBD33CB09A410E48BB79A61012C74CB8B3E75F26D988485CF381">>},
 {<<"msgpack">>, <<"04D9A75BC6F4BED8627EE1E7AA9DF37601F510FDC786A84FE932BB21D765565F">>},
 {<<"snabbkaffe">>, <<"70A98DF36AE756908D55B5770891D443D63C903833E3E87D544036E13D4FAC26">>}]}
].
