{"1.2.0",
[{<<"macula_protocol">>,{pkg,<<"macula_protocol">>,<<"0.2.0">>},0},
 {<<"macula_quic">>,{pkg,<<"macula_quic">>,<<"0.2.0">>},0},
 {<<"msgpack">>,{pkg,<<"msgpack">>,<<"0.8.1">>},1},
 {<<"quicer">>,{pkg,<<"quicer">>,<<"0.2.15">>},1},
 {<<"snabbkaffe">>,{pkg,<<"snabbkaffe">>,<<"1.0.10">>},2}]}.
[
{pkg_hash,[
 {<<"macula_protocol">>, <<"5630F599B430315A1B6A4AB00FA3A62126D10C12B752EB0210836699A3D6A710">>},
 {<<"macula_quic">>, <<"3D696B772241FCFDD608E1D7912DAD21FFBA93041E53DEFE44FB3A572145CDA3">>},
 {<<"msgpack">>, <<"DEB35C13291EAFE56AD9870374C2EAA92323DC5503D50432EBCAF47052E6D343">>},
 {<<"quicer">>, <<"775FCFA09C9CE5A4A00D23C1C8B1E81CD361EBC847E43BB766EFAC4373CDB1B8">>},
 {<<"snabbkaffe">>, <<"9BE2F54F61FC6862391B666B2B5B76C3FA53598E2989A17CEF1B48CF347A8A63">>}]},
{pkg_hash_ext,[
 {<<"macula_protocol">>, <<"8384311C4E7CDEF10A9A2C5D9EF8E6ABA28C50630DD26387FB0057BF60283568">>},
 {<<"macula_quic">>, <<"289F8C4666D2FB1CFA6E48DF3FF9E58657878437AFA3312D3A8B57C07CDF96AB">>},
 {<<"msgpack">>, <<"04D9A75BC6F4BED8627EE1E7AA9DF37601F510FDC786A84FE932BB21D765565F">>},
 {<<"quicer">>, <<"52236D9384A541341706BCAE438E81B209FA21D2045D3DF317F8BA5BEDA6A8E5">>},
 {<<"snabbkaffe">>, <<"70A98DF36AE756908D55B5770891D443D63C903833E3E87D544036E13D4FAC26">>}]}
].
